lockfileVersion: '9.0'

settings:
  autoInstallPeers: true
  excludeLinksFromLockfile: false

importers:

  .:
    dependencies:
      '@types/big.js':
        specifier: ^6.2.2
        version: 6.2.2
      big.js:
        specifier: ^6.2.1
        version: 6.2.1

packages:

  '@types/big.js@6.2.2':
    resolution: {integrity: sha512-e2cOW9YlVzFY2iScnGBBkplKsrn2CsObHQ2Hiw4V1sSyiGbgWL8IyqE3zFi1Pt5o1pdAtYkDAIsF3KKUPjdzaA==}

  big.js@6.2.1:
    resolution: {integrity: sha512-bCtHMwL9LeDIozFn+oNhhFoq+yQ3BNdnsLSASUxLciOb1vgvpHsIO1dsENiGMgbb4SkP5TrzWzRiLddn8ahVOQ==}

snapshots:

  '@types/big.js@6.2.2': {}

  big.js@6.2.1: {}
